
Microsoft Visual Studio Solution File, Format Version 12.00
# Visual Studio Version 16
VisualStudioVersion = 16.0.29123.88
MinimumVisualStudioVersion = 10.0.40219.1
Project("{FAE04EC0-301F-11D3-BF4B-00C04F79EFBC}") = "Working with strings", "Working with strings\Working with strings.csproj", "{A534ED17-E47C-4562-B33B-5DC26FB327CB}"
EndProject
Global
	GlobalSection(SolutionConfigurationPlatforms) = preSolution
		Debug|Any CPU = Debug|Any CPU
		Release|Any CPU = Release|Any CPU
	EndGlobalSection
	GlobalSection(ProjectConfigurationPlatforms) = postSolution
		{A534ED17-E47C-4562-B33B-5DC26FB327CB}.Debug|Any CPU.ActiveCfg = Debug|Any CPU
		{A534ED17-E47C-4562-B33B-5DC26FB327CB}.Debug|Any CPU.Build.0 = Debug|Any CPU
		{A534ED17-E47C-4562-B33B-5DC26FB327CB}.Release|Any CPU.ActiveCfg = Release|Any CPU
		{A534ED17-E47C-4562-B33B-5DC26FB327CB}.Release|Any CPU.Build.0 = Release|Any CPU
	EndGlobalSection
	GlobalSection(SolutionProperties) = preSolution
		HideSolutionNode = FALSE
	EndGlobalSection
	GlobalSection(ExtensibilityGlobals) = postSolution
		SolutionGuid = {F3516F11-AE69-4C4C-9468-BA7AEB3EB0EA}
	EndGlobalSection
EndGlobal
